<?xml version="1.0" encoding="utf-8"?>
<Project xmlns="http://schemas.microsoft.com/developer/msbuild/2003">
  <ItemGroup>
    <Filter Include="Form Files">
      <UniqueIdentifier>{99349809-55BA-4b9d-BF79-8FDBB0286EB3}</UniqueIdentifier>
      <Extensions>ui</Extensions>
      <ParseFiles>false</ParseFiles>
    </Filter>
    <Filter Include="Form Files">
      <UniqueIdentifier>{99349809-55BA-4b9d-BF79-8FDBB0286EB3}</UniqueIdentifier>
      <Extensions>ui</Extensions>
      <ParseFiles>false</ParseFiles>
    </Filter>
    <Filter Include="Generated Files">
      <UniqueIdentifier>{71ED8ED8-ACB9-4CE9-BBE1-E00B30144E11}</UniqueIdentifier>
      <Extensions>cpp;c;cxx;moc;h;def;odl;idl;res;</Extensions>
    </Filter>
    <Filter Include="Generated Files">
      <UniqueIdentifier>{71ED8ED8-ACB9-4CE9-BBE1-E00B30144E11}</UniqueIdentifier>
      <Extensions>cpp;c;cxx;moc;h;def;odl;idl;res;</Extensions>
    </Filter>
    <Filter Include="Header Files">
      <UniqueIdentifier>{93995380-89BD-4b04-88EB-625FBE52EBFB}</UniqueIdentifier>
      <Extensions>h;hpp;hxx;hm;inl;inc;xsd</Extensions>
    </Filter>
    <Filter Include="Header Files">
      <UniqueIdentifier>{93995380-89BD-4b04-88EB-625FBE52EBFB}</UniqueIdentifier>
      <Extensions>h;hpp;hxx;hm;inl;inc;xsd</Extensions>
    </Filter>
    <Filter Include="Resource Files">
      <UniqueIdentifier>{D9D6E242-F8AF-46E4-B9FD-80ECBC20BA3E}</UniqueIdentifier>
      <Extensions>qrc;*</Extensions>
      <ParseFiles>false</ParseFiles>
    </Filter>
    <Filter Include="Resource Files">
      <UniqueIdentifier>{D9D6E242-F8AF-46E4-B9FD-80ECBC20BA3E}</UniqueIdentifier>
      <Extensions>qrc;*</Extensions>
      <ParseFiles>false</ParseFiles>
    </Filter>
    <Filter Include="Source Files">
      <UniqueIdentifier>{4FC737F1-C7A5-4376-A066-2A32D752A2FF}</UniqueIdentifier>
      <Extensions>cpp;c;cxx;def;odl;idl;hpj;bat;asm;asmx</Extensions>
    </Filter>
    <Filter Include="Source Files">
      <UniqueIdentifier>{4FC737F1-C7A5-4376-A066-2A32D752A2FF}</UniqueIdentifier>
      <Extensions>cpp;c;cxx;def;odl;idl;hpj;bat;asm;asmx</Extensions>
    </Filter>
  </ItemGroup>
  <ItemGroup>
    <ClCompile Include="src\AboutWindow.cpp">
      <Filter>Source Files</Filter>
    </ClCompile>
    <ClCompile Include="src\Atmosphere.cpp">
      <Filter>Source Files</Filter>
    </ClCompile>
    <ClCompile Include="src\Camera.cpp">
      <Filter>Source Files</Filter>
    </ClCompile>
    <ClCompile Include="src\ColorSelectWidget.cpp">
      <Filter>Source Files</Filter>
    </ClCompile>
    <ClCompile Include="src\CrossPlatformSleep.cpp">
      <Filter>Source Files</Filter>
    </ClCompile>
    <ClCompile Include="src\Earth.cpp">
      <Filter>Source Files</Filter>
    </ClCompile>
    <ClCompile Include="src\ElevationManager.cpp">
      <Filter>Source Files</Filter>
    </ClCompile>
    <ClCompile Include="src\EventPublisher.cpp">
      <Filter>Source Files</Filter>
    </ClCompile>
    <ClCompile Include="src\ExampleExpirableObject.cpp">
      <Filter>Source Files</Filter>
    </ClCompile>
    <ClCompile Include="src\ExampleFlyObject.cpp">
      <Filter>Source Files</Filter>
    </ClCompile>
    <ClCompile Include="src\ExampleHelloWorld.cpp">
      <Filter>Source Files</Filter>
    </ClCompile>
    <ClCompile Include="src\FileIO.cpp">
      <Filter>Source Files</Filter>
    </ClCompile>
    <ClCompile Include="src\GLWidget.cpp">
      <Filter>Source Files</Filter>
    </ClCompile>
    <ClCompile Include="src\Hud.cpp">
      <Filter>Source Files</Filter>
    </ClCompile>
    <ClCompile Include="src\IconModelManager.cpp">
      <Filter>Source Files</Filter>
    </ClCompile>
    <ClCompile Include="src\IconRenderer.cpp">
      <Filter>Source Files</Filter>
    </ClCompile>
    <ClCompile Include="src\LabelTool.cpp">
      <Filter>Source Files</Filter>
    </ClCompile>
    <ClCompile Include="src\LabelWindow.cpp">
      <Filter>Source Files</Filter>
    </ClCompile>
    <ClCompile Include="src\MainWindow.cpp">
      <Filter>Source Files</Filter>
    </ClCompile>
    <ClCompile Include="src\MeasuringTool.cpp">
      <Filter>Source Files</Filter>
    </ClCompile>
    <ClCompile Include="src\MeasuringWindow.cpp">
      <Filter>Source Files</Filter>
    </ClCompile>
    <ClCompile Include="src\MeshRenderer.cpp">
      <Filter>Source Files</Filter>
    </ClCompile>
    <ClCompile Include="src\ModelRenderer.cpp">
      <Filter>Source Files</Filter>
    </ClCompile>
    <ClCompile Include="src\NewPlaceDialog.cpp">
      <Filter>Source Files</Filter>
    </ClCompile>
    <ClCompile Include="src\PathRenderer.cpp">
      <Filter>Source Files</Filter>
    </ClCompile>
    <ClCompile Include="src\PathTool.cpp">
      <Filter>Source Files</Filter>
    </ClCompile>
    <ClCompile Include="src\PathVolumeWindow.cpp">
      <Filter>Source Files</Filter>
    </ClCompile>
    <ClCompile Include="src\PathWindow.cpp">
      <Filter>Source Files</Filter>
    </ClCompile>
    <ClCompile Include="src\PlacesWindow.cpp">
      <Filter>Source Files</Filter>
    </ClCompile>
    <ClCompile Include="src\SatelliteImageDownloader.cpp">
      <Filter>Source Files</Filter>
    </ClCompile>
    <ClCompile Include="src\ShapeRenderer.cpp">
      <Filter>Source Files</Filter>
    </ClCompile>
    <ClCompile Include="src\ShapefileReader.cpp">
      <Filter>Source Files</Filter>
    </ClCompile>
    <ClCompile Include="src\Tool.cpp">
      <Filter>Source Files</Filter>
    </ClCompile>
    <ClCompile Include="src\ToolManager.cpp">
      <Filter>Source Files</Filter>
    </ClCompile>
    <ClCompile Include="src\TrackInfoWindow.cpp">
      <Filter>Source Files</Filter>
    </ClCompile>
    <ClCompile Include="src\Utilities.cpp">
      <Filter>Source Files</Filter>
    </ClCompile>
    <ClCompile Include="src\VolumeRenderer.cpp">
      <Filter>Source Files</Filter>
    </ClCompile>
    <ClCompile Include="src\VolumeTool.cpp">
      <Filter>Source Files</Filter>
    </ClCompile>
    <ClCompile Include="src\VolumeWindow.cpp">
      <Filter>Source Files</Filter>
    </ClCompile>
    <ClCompile Include="src\WorldObject.cpp">
      <Filter>Source Files</Filter>
    </ClCompile>
    <ClCompile Include="src\WorldObjectManager.cpp">
      <Filter>Source Files</Filter>
    </ClCompile>
    <ClCompile Include="src\main.cpp">
      <Filter>Source Files</Filter>
    </ClCompile>
  </ItemGroup>
  <ItemGroup>
    <QtMoc Include="src\AboutWindow.h">
      <Filter>Header Files</Filter>
    </QtMoc>
    <ClInclude Include="src\Atmosphere.h">
      <Filter>Header Files</Filter>
    </ClInclude>
    <ClInclude Include="src\Camera.h">
      <Filter>Header Files</Filter>
    </ClInclude>
    <QtMoc Include="src\ColorSelectWidget.h">
      <Filter>Header Files</Filter>
    </QtMoc>
    <ClInclude Include="src\Constants.h">
      <Filter>Header Files</Filter>
    </ClInclude>
    <ClInclude Include="src\CrossPlatformSleep.h">
      <Filter>Header Files</Filter>
    </ClInclude>
    <ClInclude Include="src\Earth.h">
      <Filter>Header Files</Filter>
    </ClInclude>
    <ClInclude Include="src\ElevationManager.h">
      <Filter>Header Files</Filter>
    </ClInclude>
    <ClInclude Include="src\EventListener.h">
      <Filter>Header Files</Filter>
    </ClInclude>
    <ClInclude Include="src\EventPublisher.h">
      <Filter>Header Files</Filter>
    </ClInclude>
    <ClInclude Include="src\ExampleExpirableObject.h">
      <Filter>Header Files</Filter>
    </ClInclude>
    <ClInclude Include="src\ExampleFlyObject.h">
      <Filter>Header Files</Filter>
    </ClInclude>
    <ClInclude Include="src\ExampleHelloWorld.h">
      <Filter>Header Files</Filter>
    </ClInclude>
    <ClInclude Include="src\FileIO.h">
      <Filter>Header Files</Filter>
    </ClInclude>
    <QtMoc Include="src\GLWidget.h">
      <Filter>Header Files</Filter>
    </QtMoc>
    <ClInclude Include="src\Hud.h">
      <Filter>Header Files</Filter>
    </ClInclude>
    <ClInclude Include="src\IconModelManager.h">
      <Filter>Header Files</Filter>
    </ClInclude>
    <ClInclude Include="src\IconRenderer.h">
      <Filter>Header Files</Filter>
    </ClInclude>
    <ClInclude Include="src\LabelTool.h">
      <Filter>Header Files</Filter>
    </ClInclude>
    <QtMoc Include="src\LabelWindow.h">
      <Filter>Header Files</Filter>
    </QtMoc>
    <QtMoc Include="src\MainWindow.h">
      <Filter>Header Files</Filter>
    </QtMoc>
    <ClInclude Include="src\MeasuringTool.h">
      <Filter>Header Files</Filter>
    </ClInclude>
    <QtMoc Include="src\MeasuringWindow.h">
      <Filter>Header Files</Filter>
    </QtMoc>
    <ClInclude Include="src\MeshRenderer.h">
      <Filter>Header Files</Filter>
    </ClInclude>
    <ClInclude Include="src\ModelRenderer.h">
      <Filter>Header Files</Filter>
    </ClInclude>
    <QtMoc Include="src\NewPlaceDialog.h">
      <Filter>Header Files</Filter>
    </QtMoc>
    <ClInclude Include="src\PathRenderer.h">
      <Filter>Header Files</Filter>
    </ClInclude>
    <ClInclude Include="src\PathTool.h">
      <Filter>Header Files</Filter>
    </ClInclude>
    <QtMoc Include="src\PathVolumeWindow.h">
      <Filter>Header Files</Filter>
    </QtMoc>
    <QtMoc Include="src\PathWindow.h">
      <Filter>Header Files</Filter>
    </QtMoc>
    <QtMoc Include="src\PlacesWindow.h">
      <Filter>Header Files</Filter>
    </QtMoc>
    <QtMoc Include="src\SatelliteImageDownloader.h">
      <Filter>Header Files</Filter>
    </QtMoc>
    <ClInclude Include="src\ShapeRenderer.h">
      <Filter>Header Files</Filter>
    </ClInclude>
    <ClInclude Include="src\ShapefileReader.h">
      <Filter>Header Files</Filter>
    </ClInclude>
    <ClInclude Include="src\Tool.h">
      <Filter>Header Files</Filter>
    </ClInclude>
    <ClInclude Include="src\ToolManager.h">
      <Filter>Header Files</Filter>
    </ClInclude>
    <QtMoc Include="src\TrackInfoWindow.h">
      <Filter>Header Files</Filter>
    </QtMoc>
    <ClInclude Include="src\Utilities.h">
      <Filter>Header Files</Filter>
    </ClInclude>
    <ClInclude Include="src\VolumeRenderer.h">
      <Filter>Header Files</Filter>
    </ClInclude>
    <ClInclude Include="src\VolumeTool.h">
      <Filter>Header Files</Filter>
    </ClInclude>
    <QtMoc Include="src\VolumeWindow.h">
      <Filter>Header Files</Filter>
    </QtMoc>
    <ClInclude Include="src\WorldObject.h">
      <Filter>Header Files</Filter>
    </ClInclude>
    <QtMoc Include="src\WorldObjectManager.h">
      <Filter>Header Files</Filter>
    </QtMoc>
    <ClInclude Include="src\globals.h">
      <Filter>Header Files</Filter>
    </ClInclude>
  </ItemGroup>
  <ItemGroup>
    
    
    
    
    
    
    
    
    
    
    
    
    
    
    <CustomBuild Include="build\moc_predefs.h.cbt">
      <Filter>Generated Files</Filter>
    </CustomBuild>
    
    
    
    
    
    
    
    
    
    
    
  </ItemGroup>
  <ItemGroup>
    <QtUic Include="src\AboutWindow.ui">
      <Filter>Form Files</Filter>
    </QtUic>
    <QtUic Include="src\LabelWindow.ui">
      <Filter>Form Files</Filter>
    </QtUic>
    <QtUic Include="src\MainWindow.ui">
      <Filter>Form Files</Filter>
    </QtUic>
    <QtUic Include="src\MeasuringWindow.ui">
      <Filter>Form Files</Filter>
    </QtUic>
    <QtUic Include="src\NewPlaceDialog.ui">
      <Filter>Form Files</Filter>
    </QtUic>
    <QtUic Include="src\PathVolumeWindow.ui">
      <Filter>Form Files</Filter>
    </QtUic>
    <QtUic Include="src\PathWindow.ui">
      <Filter>Form Files</Filter>
    </QtUic>
    <QtUic Include="src\PlacesWindow.ui">
      <Filter>Form Files</Filter>
    </QtUic>
    <QtUic Include="src\TrackInfoWindow.ui">
      <Filter>Form Files</Filter>
    </QtUic>
    <QtUic Include="src\VolumeWindow.ui">
      <Filter>Form Files</Filter>
    </QtUic>
  </ItemGroup>
  <ItemGroup>
    <QtRcc Include="QtEarth.qrc">
      <Filter>Resource Files</Filter>
    </QtRcc>
    <None Include="images\airDefenseFriend.png">
      <Filter>Resource Files</Filter>
    </None>
    <None Include="images\airDefenseHostile.png">
      <Filter>Resource Files</Filter>
    </None>
    <None Include="images\airDefenseNeutral.png">
      <Filter>Resource Files</Filter>
    </None>
    <None Include="images\airDefenseUnknown.png">
      <Filter>Resource Files</Filter>
    </None>
    <None Include="images\atmosphere.png">
      <Filter>Resource Files</Filter>
    </None>
    <None Include="images\blueMarble.jpg">
      <Filter>Resource Files</Filter>
    </None>
    <None Include="images\fixedWingFriend.png">
      <Filter>Resource Files</Filter>
    </None>
    <None Include="images\fixedWingHostile.png">
      <Filter>Resource Files</Filter>
    </None>
    <None Include="images\fixedWingNeutral.png">
      <Filter>Resource Files</Filter>
    </None>
    <None Include="images\fixedWingUnknown.png">
      <Filter>Resource Files</Filter>
    </None>
    <None Include="images\groundVehicleFriend.png">
      <Filter>Resource Files</Filter>
    </None>
    <None Include="images\groundVehicleHostile.png">
      <Filter>Resource Files</Filter>
    </None>
    <None Include="images\groundVehicleNeutral.png">
      <Filter>Resource Files</Filter>
    </None>
    <None Include="images\groundVehicleUnknown.png">
      <Filter>Resource Files</Filter>
    </None>
    <None Include="images\icon.ico">
      <Filter>Resource Files</Filter>
    </None>
    <None Include="images\icon.jpg">
      <Filter>Resource Files</Filter>
    </None>
    <None Include="images\label.png">
      <Filter>Resource Files</Filter>
    </None>
    <None Include="images\launcherFriend.png">
      <Filter>Resource Files</Filter>
    </None>
    <None Include="images\launcherHostile.png">
      <Filter>Resource Files</Filter>
    </None>
    <None Include="images\launcherNeutral.png">
      <Filter>Resource Files</Filter>
    </None>
    <None Include="images\launcherUnknown.png">
      <Filter>Resource Files</Filter>
    </None>
    <None Include="images\measure.png">
      <Filter>Resource Files</Filter>
    </None>
    <None Include="images\missileFriend.png">
      <Filter>Resource Files</Filter>
    </None>
    <None Include="images\missileHostile.png">
      <Filter>Resource Files</Filter>
    </None>
    <None Include="images\missileNeutral.png">
      <Filter>Resource Files</Filter>
    </None>
    <None Include="images\missileUnknown.png">
      <Filter>Resource Files</Filter>
    </None>
    <None Include="images\path.png">
      <Filter>Resource Files</Filter>
    </None>
    <None Include="images\rotaryWingFriend.png">
      <Filter>Resource Files</Filter>
    </None>
    <None Include="images\rotaryWingHostile.png">
      <Filter>Resource Files</Filter>
    </None>
    <None Include="images\rotaryWingNeutral.png">
      <Filter>Resource Files</Filter>
    </None>
    <None Include="images\rotaryWingUnknown.png">
      <Filter>Resource Files</Filter>
    </None>
    <None Include="images\splash.jpg">
      <Filter>Resource Files</Filter>
    </None>
    <None Include="images\stars.jpg">
      <Filter>Resource Files</Filter>
    </None>
    <None Include="images\stars2.png">
      <Filter>Resource Files</Filter>
    </None>
    <None Include="images\uavFriend.png">
      <Filter>Resource Files</Filter>
    </None>
    <None Include="images\uavHostile.png">
      <Filter>Resource Files</Filter>
    </None>
    <None Include="images\uavNeutral.png">
      <Filter>Resource Files</Filter>
    </None>
    <None Include="images\uavUnknown.png">
      <Filter>Resource Files</Filter>
    </None>
    <None Include="images\unknown.png">
      <Filter>Resource Files</Filter>
    </None>
    <None Include="images\viewMode.png">
      <Filter>Resource Files</Filter>
    </None>
    <None Include="images\volume.png">
      <Filter>Resource Files</Filter>
    </None>
  </ItemGroup>
</Project>